
Microsoft Visual Studio Solution File, Format Version 12.00
# Visual Studio 14
VisualStudioVersion = 14.0.25420.1
MinimumVisualStudioVersion = 10.0.40219.1
Project("{FAE04EC0-301F-11D3-BF4B-00C04F79EFBC}") = "PokemonForms", "WindowsFormsApplication1\PokemonForms.csproj", "{8E225994-B2B1-4D75-9280-B7462D5BDF99}"
EndProject
Project("{FAE04EC0-301F-11D3-BF4B-00C04F79EFBC}") = "TypingLibrary", "ClassLibrary1\TypingLibrary.csproj", "{5993FC94-D9A9-4C56-8D63-501520EE5DFD}"
EndProject
Project("{FAE04EC0-301F-11D3-BF4B-00C04F79EFBC}") = "ObjectsLibrary", "ClassLibrary2\ObjectsLibrary.csproj", "{7D54FFEB-7535-4708-AE32-D2C8BE24C28C}"
EndProject
Global
	GlobalSection(SolutionConfigurationPlatforms) = preSolution
		Debug|Any CPU = Debug|Any CPU
		Release|Any CPU = Release|Any CPU
	EndGlobalSection
	GlobalSection(ProjectConfigurationPlatforms) = postSolution
		{8E225994-B2B1-4D75-9280-B7462D5BDF99}.Debug|Any CPU.ActiveCfg = Debug|Any CPU
		{8E225994-B2B1-4D75-9280-B7462D5BDF99}.Debug|Any CPU.Build.0 = Debug|Any CPU
		{8E225994-B2B1-4D75-9280-B7462D5BDF99}.Release|Any CPU.ActiveCfg = Release|Any CPU
		{8E225994-B2B1-4D75-9280-B7462D5BDF99}.Release|Any CPU.Build.0 = Release|Any CPU
		{5993FC94-D9A9-4C56-8D63-501520EE5DFD}.Debug|Any CPU.ActiveCfg = Debug|Any CPU
		{5993FC94-D9A9-4C56-8D63-501520EE5DFD}.Debug|Any CPU.Build.0 = Debug|Any CPU
		{5993FC94-D9A9-4C56-8D63-501520EE5DFD}.Release|Any CPU.ActiveCfg = Release|Any CPU
		{5993FC94-D9A9-4C56-8D63-501520EE5DFD}.Release|Any CPU.Build.0 = Release|Any CPU
		{7D54FFEB-7535-4708-AE32-D2C8BE24C28C}.Debug|Any CPU.ActiveCfg = Debug|Any CPU
		{7D54FFEB-7535-4708-AE32-D2C8BE24C28C}.Debug|Any CPU.Build.0 = Debug|Any CPU
		{7D54FFEB-7535-4708-AE32-D2C8BE24C28C}.Release|Any CPU.ActiveCfg = Release|Any CPU
		{7D54FFEB-7535-4708-AE32-D2C8BE24C28C}.Release|Any CPU.Build.0 = Release|Any CPU
	EndGlobalSection
	GlobalSection(SolutionProperties) = preSolution
		HideSolutionNode = FALSE
	EndGlobalSection
EndGlobal
